{
    "name": "capacitor-camera-overlay",
    "version": "0.0.2",
    "lockfileVersion": 1,
    "requires": true,
    "dependencies": {
        "@capacitor/core": {
            "version": "1.0.0-beta.19",
            "resolved": "https://registry.npmjs.org/@capacitor/core/-/core-1.0.0-beta.19.tgz",
            "integrity": "sha512-ANpQx+pq0g/fYCTzYWEVZxwkzXqOWviVXl7s/UPAZUdRhAA4S7Iaori+fatvVQnHPhmXy00ezzQidXqiuedpGg==",
            "requires": {
                "tslib": "^1.9.0"
            }
        },
        "tslib": {
            "version": "1.9.3",
            "resolved": "https://registry.npmjs.org/tslib/-/tslib-1.9.3.tgz",
            "integrity": "sha512-4krF8scpejhaOgqzBEcGM7yDIEfi0/8+8zDRZhNZZ2kjmHJ4hv3zCbQWxoJGz1iw5U0Jl0nma13xzHXcncMavQ=="
        },
        "typescript": {
            "version": "3.4.3",
            "resolved": "https://registry.npmjs.org/typescript/-/typescript-3.4.3.tgz",
            "integrity": "sha512-FFgHdPt4T/duxx6Ndf7hwgMZZjZpB+U0nMNGVCYPq0rEzWKjEDobm4J6yb3CS7naZ0yURFqdw9Gwc7UOh/P9oQ==",
            "dev": true
        }
    }
}
